
Microsoft Visual Studio Solution File, Format Version 12.00
# Visual Studio Version 17
VisualStudioVersion = 17.0.31903.59
MinimumVisualStudioVersion = 10.0.40219.1
Project("{2150E333-8FDC-42A3-9474-1A3956D46DE8}") = "src", "src", "{827E0CD3-B72D-47B6-A68D-7590B98EB39B}"
EndProject
Project("{2150E333-8FDC-42A3-9474-1A3956D46DE8}") = "Shared", "Shared", "{C8E42992-5E42-0C2B-DBFE-AA848D06431C}"
EndProject
Project("{FAE04EC0-301F-11D3-BF4B-00C04F79EFBC}") = "ERPModular.Shared.Domain", "src\Shared\ERPModular.Shared.Domain\ERPModular.Shared.Domain.csproj", "{C8438909-FB6B-4109-90A6-91E6CC6A737E}"
EndProject
Project("{FAE04EC0-301F-11D3-BF4B-00C04F79EFBC}") = "ERPModular.Shared.Application", "src\Shared\ERPModular.Shared.Application\ERPModular.Shared.Application.csproj", "{1EDACD0E-E3B8-4375-BAD5-40BA561BFEDF}"
EndProject
Project("{FAE04EC0-301F-11D3-BF4B-00C04F79EFBC}") = "ERPModular.Shared.Infrastructure", "src\Shared\ERPModular.Shared.Infrastructure\ERPModular.Shared.Infrastructure.csproj", "{E882B17C-F1B7-4824-8CDB-40B00183446E}"
EndProject
Project("{2150E333-8FDC-42A3-9474-1A3956D46DE8}") = "Presentation", "Presentation", "{6996BBF7-DB31-59BC-C7DD-9A7CCC6138C4}"
EndProject
Project("{FAE04EC0-301F-11D3-BF4B-00C04F79EFBC}") = "ERPModular.Web", "src\Presentation\ERPModular.Web\ERPModular.Web.csproj", "{64B3DB82-4DB6-4703-9A1D-A79E9FE1D42A}"
EndProject
Project("{2150E333-8FDC-42A3-9474-1A3956D46DE8}") = "Domains", "Domains", "{55B8E2B3-FCE6-896E-E028-E6393D6A9606}"
EndProject
Project("{2150E333-8FDC-42A3-9474-1A3956D46DE8}") = "Confecao", "Confecao", "{789ECCD5-3630-321C-519F-DDF5A4C1F5F5}"
EndProject
Project("{FAE04EC0-301F-11D3-BF4B-00C04F79EFBC}") = "ERPModular.Confecao.Domain", "src\Domains\Confecao\ERPModular.Confecao.Domain\ERPModular.Confecao.Domain.csproj", "{EC2A2230-C5CF-4AA8-8DB2-FB694920CCD4}"
EndProject
Project("{FAE04EC0-301F-11D3-BF4B-00C04F79EFBC}") = "ERPModular.Confecao.Application", "src\Domains\Confecao\ERPModular.Confecao.Application\ERPModular.Confecao.Application.csproj", "{5D85DEE8-A025-4D96-95CF-371E4F6E4B81}"
EndProject
Global
	GlobalSection(SolutionConfigurationPlatforms) = preSolution
		Debug|Any CPU = Debug|Any CPU
		Debug|x64 = Debug|x64
		Debug|x86 = Debug|x86
		Release|Any CPU = Release|Any CPU
		Release|x64 = Release|x64
		Release|x86 = Release|x86
	EndGlobalSection
	GlobalSection(ProjectConfigurationPlatforms) = postSolution
		{C8438909-FB6B-4109-90A6-91E6CC6A737E}.Debug|Any CPU.ActiveCfg = Debug|Any CPU
		{C8438909-FB6B-4109-90A6-91E6CC6A737E}.Debug|Any CPU.Build.0 = Debug|Any CPU
		{C8438909-FB6B-4109-90A6-91E6CC6A737E}.Debug|x64.ActiveCfg = Debug|Any CPU
		{C8438909-FB6B-4109-90A6-91E6CC6A737E}.Debug|x64.Build.0 = Debug|Any CPU
		{C8438909-FB6B-4109-90A6-91E6CC6A737E}.Debug|x86.ActiveCfg = Debug|Any CPU
		{C8438909-FB6B-4109-90A6-91E6CC6A737E}.Debug|x86.Build.0 = Debug|Any CPU
		{C8438909-FB6B-4109-90A6-91E6CC6A737E}.Release|Any CPU.ActiveCfg = Release|Any CPU
		{C8438909-FB6B-4109-90A6-91E6CC6A737E}.Release|Any CPU.Build.0 = Release|Any CPU
		{C8438909-FB6B-4109-90A6-91E6CC6A737E}.Release|x64.ActiveCfg = Release|Any CPU
		{C8438909-FB6B-4109-90A6-91E6CC6A737E}.Release|x64.Build.0 = Release|Any CPU
		{C8438909-FB6B-4109-90A6-91E6CC6A737E}.Release|x86.ActiveCfg = Release|Any CPU
		{C8438909-FB6B-4109-90A6-91E6CC6A737E}.Release|x86.Build.0 = Release|Any CPU
		{1EDACD0E-E3B8-4375-BAD5-40BA561BFEDF}.Debug|Any CPU.ActiveCfg = Debug|Any CPU
		{1EDACD0E-E3B8-4375-BAD5-40BA561BFEDF}.Debug|Any CPU.Build.0 = Debug|Any CPU
		{1EDACD0E-E3B8-4375-BAD5-40BA561BFEDF}.Debug|x64.ActiveCfg = Debug|Any CPU
		{1EDACD0E-E3B8-4375-BAD5-40BA561BFEDF}.Debug|x64.Build.0 = Debug|Any CPU
		{1EDACD0E-E3B8-4375-BAD5-40BA561BFEDF}.Debug|x86.ActiveCfg = Debug|Any CPU
		{1EDACD0E-E3B8-4375-BAD5-40BA561BFEDF}.Debug|x86.Build.0 = Debug|Any CPU
		{1EDACD0E-E3B8-4375-BAD5-40BA561BFEDF}.Release|Any CPU.ActiveCfg = Release|Any CPU
		{1EDACD0E-E3B8-4375-BAD5-40BA561BFEDF}.Release|Any CPU.Build.0 = Release|Any CPU
		{1EDACD0E-E3B8-4375-BAD5-40BA561BFEDF}.Release|x64.ActiveCfg = Release|Any CPU
		{1EDACD0E-E3B8-4375-BAD5-40BA561BFEDF}.Release|x64.Build.0 = Release|Any CPU
		{1EDACD0E-E3B8-4375-BAD5-40BA561BFEDF}.Release|x86.ActiveCfg = Release|Any CPU
		{1EDACD0E-E3B8-4375-BAD5-40BA561BFEDF}.Release|x86.Build.0 = Release|Any CPU
		{E882B17C-F1B7-4824-8CDB-40B00183446E}.Debug|Any CPU.ActiveCfg = Debug|Any CPU
		{E882B17C-F1B7-4824-8CDB-40B00183446E}.Debug|Any CPU.Build.0 = Debug|Any CPU
		{E882B17C-F1B7-4824-8CDB-40B00183446E}.Debug|x64.ActiveCfg = Debug|Any CPU
		{E882B17C-F1B7-4824-8CDB-40B00183446E}.Debug|x64.Build.0 = Debug|Any CPU
		{E882B17C-F1B7-4824-8CDB-40B00183446E}.Debug|x86.ActiveCfg = Debug|Any CPU
		{E882B17C-F1B7-4824-8CDB-40B00183446E}.Debug|x86.Build.0 = Debug|Any CPU
		{E882B17C-F1B7-4824-8CDB-40B00183446E}.Release|Any CPU.ActiveCfg = Release|Any CPU
		{E882B17C-F1B7-4824-8CDB-40B00183446E}.Release|Any CPU.Build.0 = Release|Any CPU
		{E882B17C-F1B7-4824-8CDB-40B00183446E}.Release|x64.ActiveCfg = Release|Any CPU
		{E882B17C-F1B7-4824-8CDB-40B00183446E}.Release|x64.Build.0 = Release|Any CPU
		{E882B17C-F1B7-4824-8CDB-40B00183446E}.Release|x86.ActiveCfg = Release|Any CPU
		{E882B17C-F1B7-4824-8CDB-40B00183446E}.Release|x86.Build.0 = Release|Any CPU
		{64B3DB82-4DB6-4703-9A1D-A79E9FE1D42A}.Debug|Any CPU.ActiveCfg = Debug|Any CPU
		{64B3DB82-4DB6-4703-9A1D-A79E9FE1D42A}.Debug|Any CPU.Build.0 = Debug|Any CPU
		{64B3DB82-4DB6-4703-9A1D-A79E9FE1D42A}.Debug|x64.ActiveCfg = Debug|Any CPU
		{64B3DB82-4DB6-4703-9A1D-A79E9FE1D42A}.Debug|x64.Build.0 = Debug|Any CPU
		{64B3DB82-4DB6-4703-9A1D-A79E9FE1D42A}.Debug|x86.ActiveCfg = Debug|Any CPU
		{64B3DB82-4DB6-4703-9A1D-A79E9FE1D42A}.Debug|x86.Build.0 = Debug|Any CPU
		{64B3DB82-4DB6-4703-9A1D-A79E9FE1D42A}.Release|Any CPU.ActiveCfg = Release|Any CPU
		{64B3DB82-4DB6-4703-9A1D-A79E9FE1D42A}.Release|Any CPU.Build.0 = Release|Any CPU
		{64B3DB82-4DB6-4703-9A1D-A79E9FE1D42A}.Release|x64.ActiveCfg = Release|Any CPU
		{64B3DB82-4DB6-4703-9A1D-A79E9FE1D42A}.Release|x64.Build.0 = Release|Any CPU
		{64B3DB82-4DB6-4703-9A1D-A79E9FE1D42A}.Release|x86.ActiveCfg = Release|Any CPU
		{64B3DB82-4DB6-4703-9A1D-A79E9FE1D42A}.Release|x86.Build.0 = Release|Any CPU
		{EC2A2230-C5CF-4AA8-8DB2-FB694920CCD4}.Debug|Any CPU.ActiveCfg = Debug|Any CPU
		{EC2A2230-C5CF-4AA8-8DB2-FB694920CCD4}.Debug|Any CPU.Build.0 = Debug|Any CPU
		{EC2A2230-C5CF-4AA8-8DB2-FB694920CCD4}.Debug|x64.ActiveCfg = Debug|Any CPU
		{EC2A2230-C5CF-4AA8-8DB2-FB694920CCD4}.Debug|x64.Build.0 = Debug|Any CPU
		{EC2A2230-C5CF-4AA8-8DB2-FB694920CCD4}.Debug|x86.ActiveCfg = Debug|Any CPU
		{EC2A2230-C5CF-4AA8-8DB2-FB694920CCD4}.Debug|x86.Build.0 = Debug|Any CPU
		{EC2A2230-C5CF-4AA8-8DB2-FB694920CCD4}.Release|Any CPU.ActiveCfg = Release|Any CPU
		{EC2A2230-C5CF-4AA8-8DB2-FB694920CCD4}.Release|Any CPU.Build.0 = Release|Any CPU
		{EC2A2230-C5CF-4AA8-8DB2-FB694920CCD4}.Release|x64.ActiveCfg = Release|Any CPU
		{EC2A2230-C5CF-4AA8-8DB2-FB694920CCD4}.Release|x64.Build.0 = Release|Any CPU
		{EC2A2230-C5CF-4AA8-8DB2-FB694920CCD4}.Release|x86.ActiveCfg = Release|Any CPU
		{EC2A2230-C5CF-4AA8-8DB2-FB694920CCD4}.Release|x86.Build.0 = Release|Any CPU
		{5D85DEE8-A025-4D96-95CF-371E4F6E4B81}.Debug|Any CPU.ActiveCfg = Debug|Any CPU
		{5D85DEE8-A025-4D96-95CF-371E4F6E4B81}.Debug|Any CPU.Build.0 = Debug|Any CPU
		{5D85DEE8-A025-4D96-95CF-371E4F6E4B81}.Debug|x64.ActiveCfg = Debug|Any CPU
		{5D85DEE8-A025-4D96-95CF-371E4F6E4B81}.Debug|x64.Build.0 = Debug|Any CPU
		{5D85DEE8-A025-4D96-95CF-371E4F6E4B81}.Debug|x86.ActiveCfg = Debug|Any CPU
		{5D85DEE8-A025-4D96-95CF-371E4F6E4B81}.Debug|x86.Build.0 = Debug|Any CPU
		{5D85DEE8-A025-4D96-95CF-371E4F6E4B81}.Release|Any CPU.ActiveCfg = Release|Any CPU
		{5D85DEE8-A025-4D96-95CF-371E4F6E4B81}.Release|Any CPU.Build.0 = Release|Any CPU
		{5D85DEE8-A025-4D96-95CF-371E4F6E4B81}.Release|x64.ActiveCfg = Release|Any CPU
		{5D85DEE8-A025-4D96-95CF-371E4F6E4B81}.Release|x64.Build.0 = Release|Any CPU
		{5D85DEE8-A025-4D96-95CF-371E4F6E4B81}.Release|x86.ActiveCfg = Release|Any CPU
		{5D85DEE8-A025-4D96-95CF-371E4F6E4B81}.Release|x86.Build.0 = Release|Any CPU
	EndGlobalSection
	GlobalSection(SolutionProperties) = preSolution
		HideSolutionNode = FALSE
	EndGlobalSection
	GlobalSection(NestedProjects) = preSolution
		{C8E42992-5E42-0C2B-DBFE-AA848D06431C} = {827E0CD3-B72D-47B6-A68D-7590B98EB39B}
		{C8438909-FB6B-4109-90A6-91E6CC6A737E} = {C8E42992-5E42-0C2B-DBFE-AA848D06431C}
		{1EDACD0E-E3B8-4375-BAD5-40BA561BFEDF} = {C8E42992-5E42-0C2B-DBFE-AA848D06431C}
		{E882B17C-F1B7-4824-8CDB-40B00183446E} = {C8E42992-5E42-0C2B-DBFE-AA848D06431C}
		{6996BBF7-DB31-59BC-C7DD-9A7CCC6138C4} = {827E0CD3-B72D-47B6-A68D-7590B98EB39B}
		{64B3DB82-4DB6-4703-9A1D-A79E9FE1D42A} = {6996BBF7-DB31-59BC-C7DD-9A7CCC6138C4}
		{55B8E2B3-FCE6-896E-E028-E6393D6A9606} = {827E0CD3-B72D-47B6-A68D-7590B98EB39B}
		{789ECCD5-3630-321C-519F-DDF5A4C1F5F5} = {55B8E2B3-FCE6-896E-E028-E6393D6A9606}
		{EC2A2230-C5CF-4AA8-8DB2-FB694920CCD4} = {789ECCD5-3630-321C-519F-DDF5A4C1F5F5}
		{5D85DEE8-A025-4D96-95CF-371E4F6E4B81} = {789ECCD5-3630-321C-519F-DDF5A4C1F5F5}
	EndGlobalSection
EndGlobal
