
Microsoft Visual Studio Solution File, Format Version 12.00
# Visual Studio Version 17
VisualStudioVersion = 17.0.31903.59
MinimumVisualStudioVersion = 10.0.40219.1
Project("{2150E333-8FDC-42A3-9474-1A3956D46DE8}") = "src", "src", "{827E0CD3-B72D-47B6-A68D-7590B98EB39B}"
EndProject
Project("{2150E333-8FDC-42A3-9474-1A3956D46DE8}") = "Shared", "Shared", "{C8E42992-5E42-0C2B-DBFE-AA848D06431C}"
EndProject
Project("{FAE04EC0-301F-11D3-BF4B-00C04F79EFBC}") = "ERPModular.Shared.Domain", "src\Shared\ERPModular.Shared.Domain\ERPModular.Shared.Domain.csproj", "{C8438909-FB6B-4109-90A6-91E6CC6A737E}"
EndProject
Project("{FAE04EC0-301F-11D3-BF4B-00C04F79EFBC}") = "ERPModular.Shared.Application", "src\Shared\ERPModular.Shared.Application\ERPModular.Shared.Application.csproj", "{1EDACD0E-E3B8-4375-BAD5-40BA561BFEDF}"
EndProject
Project("{FAE04EC0-301F-11D3-BF4B-00C04F79EFBC}") = "ERPModular.Shared.Infrastructure", "src\Shared\ERPModular.Shared.Infrastructure\ERPModular.Shared.Infrastructure.csproj", "{E882B17C-F1B7-4824-8CDB-40B00183446E}"
EndProject
Global
	GlobalSection(SolutionConfigurationPlatforms) = preSolution
		Debug|Any CPU = Debug|Any CPU
		Debug|x64 = Debug|x64
		Debug|x86 = Debug|x86
		Release|Any CPU = Release|Any CPU
		Release|x64 = Release|x64
		Release|x86 = Release|x86
	EndGlobalSection
	GlobalSection(ProjectConfigurationPlatforms) = postSolution
		{C8438909-FB6B-4109-90A6-91E6CC6A737E}.Debug|Any CPU.ActiveCfg = Debug|Any CPU
		{C8438909-FB6B-4109-90A6-91E6CC6A737E}.Debug|Any CPU.Build.0 = Debug|Any CPU
		{C8438909-FB6B-4109-90A6-91E6CC6A737E}.Debug|x64.ActiveCfg = Debug|Any CPU
		{C8438909-FB6B-4109-90A6-91E6CC6A737E}.Debug|x64.Build.0 = Debug|Any CPU
		{C8438909-FB6B-4109-90A6-91E6CC6A737E}.Debug|x86.ActiveCfg = Debug|Any CPU
		{C8438909-FB6B-4109-90A6-91E6CC6A737E}.Debug|x86.Build.0 = Debug|Any CPU
		{C8438909-FB6B-4109-90A6-91E6CC6A737E}.Release|Any CPU.ActiveCfg = Release|Any CPU
		{C8438909-FB6B-4109-90A6-91E6CC6A737E}.Release|Any CPU.Build.0 = Release|Any CPU
		{C8438909-FB6B-4109-90A6-91E6CC6A737E}.Release|x64.ActiveCfg = Release|Any CPU
		{C8438909-FB6B-4109-90A6-91E6CC6A737E}.Release|x64.Build.0 = Release|Any CPU
		{C8438909-FB6B-4109-90A6-91E6CC6A737E}.Release|x86.ActiveCfg = Release|Any CPU
		{C8438909-FB6B-4109-90A6-91E6CC6A737E}.Release|x86.Build.0 = Release|Any CPU
		{1EDACD0E-E3B8-4375-BAD5-40BA561BFEDF}.Debug|Any CPU.ActiveCfg = Debug|Any CPU
		{1EDACD0E-E3B8-4375-BAD5-40BA561BFEDF}.Debug|Any CPU.Build.0 = Debug|Any CPU
		{1EDACD0E-E3B8-4375-BAD5-40BA561BFEDF}.Debug|x64.ActiveCfg = Debug|Any CPU
		{1EDACD0E-E3B8-4375-BAD5-40BA561BFEDF}.Debug|x64.Build.0 = Debug|Any CPU
		{1EDACD0E-E3B8-4375-BAD5-40BA561BFEDF}.Debug|x86.ActiveCfg = Debug|Any CPU
		{1EDACD0E-E3B8-4375-BAD5-40BA561BFEDF}.Debug|x86.Build.0 = Debug|Any CPU
		{1EDACD0E-E3B8-4375-BAD5-40BA561BFEDF}.Release|Any CPU.ActiveCfg = Release|Any CPU
		{1EDACD0E-E3B8-4375-BAD5-40BA561BFEDF}.Release|Any CPU.Build.0 = Release|Any CPU
		{1EDACD0E-E3B8-4375-BAD5-40BA561BFEDF}.Release|x64.ActiveCfg = Release|Any CPU
		{1EDACD0E-E3B8-4375-BAD5-40BA561BFEDF}.Release|x64.Build.0 = Release|Any CPU
		{1EDACD0E-E3B8-4375-BAD5-40BA561BFEDF}.Release|x86.ActiveCfg = Release|Any CPU
		{1EDACD0E-E3B8-4375-BAD5-40BA561BFEDF}.Release|x86.Build.0 = Release|Any CPU
		{E882B17C-F1B7-4824-8CDB-40B00183446E}.Debug|Any CPU.ActiveCfg = Debug|Any CPU
		{E882B17C-F1B7-4824-8CDB-40B00183446E}.Debug|Any CPU.Build.0 = Debug|Any CPU
		{E882B17C-F1B7-4824-8CDB-40B00183446E}.Debug|x64.ActiveCfg = Debug|Any CPU
		{E882B17C-F1B7-4824-8CDB-40B00183446E}.Debug|x64.Build.0 = Debug|Any CPU
		{E882B17C-F1B7-4824-8CDB-40B00183446E}.Debug|x86.ActiveCfg = Debug|Any CPU
		{E882B17C-F1B7-4824-8CDB-40B00183446E}.Debug|x86.Build.0 = Debug|Any CPU
		{E882B17C-F1B7-4824-8CDB-40B00183446E}.Release|Any CPU.ActiveCfg = Release|Any CPU
		{E882B17C-F1B7-4824-8CDB-40B00183446E}.Release|Any CPU.Build.0 = Release|Any CPU
		{E882B17C-F1B7-4824-8CDB-40B00183446E}.Release|x64.ActiveCfg = Release|Any CPU
		{E882B17C-F1B7-4824-8CDB-40B00183446E}.Release|x64.Build.0 = Release|Any CPU
		{E882B17C-F1B7-4824-8CDB-40B00183446E}.Release|x86.ActiveCfg = Release|Any CPU
		{E882B17C-F1B7-4824-8CDB-40B00183446E}.Release|x86.Build.0 = Release|Any CPU
	EndGlobalSection
	GlobalSection(SolutionProperties) = preSolution
		HideSolutionNode = FALSE
	EndGlobalSection
	GlobalSection(NestedProjects) = preSolution
		{C8E42992-5E42-0C2B-DBFE-AA848D06431C} = {827E0CD3-B72D-47B6-A68D-7590B98EB39B}
		{C8438909-FB6B-4109-90A6-91E6CC6A737E} = {C8E42992-5E42-0C2B-DBFE-AA848D06431C}
		{1EDACD0E-E3B8-4375-BAD5-40BA561BFEDF} = {C8E42992-5E42-0C2B-DBFE-AA848D06431C}
		{E882B17C-F1B7-4824-8CDB-40B00183446E} = {C8E42992-5E42-0C2B-DBFE-AA848D06431C}
	EndGlobalSection
EndGlobal
